// !$*UTF8*$!
{
	archiveVersion = 1;
	classes = {
	};
	objectVersion = 56;
	objects = {

/* Begin PBXBuildFile section */
		E706F5DC2B6AC4080096FB3D /* StepperView.swift in Sources */ = {isa = PBXBuildFile; fileRef = E706F5DB2B6AC4080096FB3D /* StepperView.swift */; };
		E706F5DF2B6AC6340096FB3D /* FractionView.swift in Sources */ = {isa = PBXBuildFile; fileRef = E706F5DE2B6AC6340096FB3D /* FractionView.swift */; };
		E706F5E12B6ACDA50096FB3D /* TheQuantityOfTheProductView.swift in Sources */ = {isa = PBXBuildFile; fileRef = E706F5E02B6ACDA50096FB3D /* TheQuantityOfTheProductView.swift */; };
		E7938BE02B6A388900830359 /* MySparApp.swift in Sources */ = {isa = PBXBuildFile; fileRef = E7938BDF2B6A388900830359 /* MySparApp.swift */; };
		E7938BE22B6A388900830359 /* ContentView.swift in Sources */ = {isa = PBXBuildFile; fileRef = E7938BE12B6A388900830359 /* ContentView.swift */; };
		E7938BE42B6A388B00830359 /* Assets.xcassets in Resources */ = {isa = PBXBuildFile; fileRef = E7938BE32B6A388B00830359 /* Assets.xcassets */; };
		E7938BE72B6A388B00830359 /* Preview Assets.xcassets in Resources */ = {isa = PBXBuildFile; fileRef = E7938BE62B6A388B00830359 /* Preview Assets.xcassets */; };
		E7938BEE2B6A42C400830359 /* ImageAndNameOfProductView.swift in Sources */ = {isa = PBXBuildFile; fileRef = E7938BED2B6A42C400830359 /* ImageAndNameOfProductView.swift */; };
		E7938BF02B6A4FC500830359 /* CouponView.swift in Sources */ = {isa = PBXBuildFile; fileRef = E7938BEF2B6A4FC500830359 /* CouponView.swift */; };
		E7938BF22B6A838C00830359 /* DescriptionView.swift in Sources */ = {isa = PBXBuildFile; fileRef = E7938BF12B6A838C00830359 /* DescriptionView.swift */; };
		E7938BF42B6A999200830359 /* ReviewsView.swift in Sources */ = {isa = PBXBuildFile; fileRef = E7938BF32B6A999200830359 /* ReviewsView.swift */; };
		E7938BF72B6A9C3F00830359 /* ReviewsViewCell.swift in Sources */ = {isa = PBXBuildFile; fileRef = E7938BF62B6A9C3F00830359 /* ReviewsViewCell.swift */; };
/* End PBXBuildFile section */

/* Begin PBXFileReference section */
		E706F5DB2B6AC4080096FB3D /* StepperView.swift */ = {isa = PBXFileReference; lastKnownFileType = sourcecode.swift; path = StepperView.swift; sourceTree = "<group>"; };
		E706F5DE2B6AC6340096FB3D /* FractionView.swift */ = {isa = PBXFileReference; lastKnownFileType = sourcecode.swift; path = FractionView.swift; sourceTree = "<group>"; };
		E706F5E02B6ACDA50096FB3D /* TheQuantityOfTheProductView.swift */ = {isa = PBXFileReference; lastKnownFileType = sourcecode.swift; path = TheQuantityOfTheProductView.swift; sourceTree = "<group>"; };
		E7938BDC2B6A388900830359 /* MySpar.app */ = {isa = PBXFileReference; explicitFileType = wrapper.application; includeInIndex = 0; path = MySpar.app; sourceTree = BUILT_PRODUCTS_DIR; };
		E7938BDF2B6A388900830359 /* MySparApp.swift */ = {isa = PBXFileReference; lastKnownFileType = sourcecode.swift; path = MySparApp.swift; sourceTree = "<group>"; };
		E7938BE12B6A388900830359 /* ContentView.swift */ = {isa = PBXFileReference; lastKnownFileType = sourcecode.swift; path = ContentView.swift; sourceTree = "<group>"; };
		E7938BE32B6A388B00830359 /* Assets.xcassets */ = {isa = PBXFileReference; lastKnownFileType = folder.assetcatalog; path = Assets.xcassets; sourceTree = "<group>"; };
		E7938BE62B6A388B00830359 /* Preview Assets.xcassets */ = {isa = PBXFileReference; lastKnownFileType = folder.assetcatalog; path = "Preview Assets.xcassets"; sourceTree = "<group>"; };
		E7938BED2B6A42C400830359 /* ImageAndNameOfProductView.swift */ = {isa = PBXFileReference; lastKnownFileType = sourcecode.swift; path = ImageAndNameOfProductView.swift; sourceTree = "<group>"; };
		E7938BEF2B6A4FC500830359 /* CouponView.swift */ = {isa = PBXFileReference; lastKnownFileType = sourcecode.swift; path = CouponView.swift; sourceTree = "<group>"; };
		E7938BF12B6A838C00830359 /* DescriptionView.swift */ = {isa = PBXFileReference; lastKnownFileType = sourcecode.swift; path = DescriptionView.swift; sourceTree = "<group>"; };
		E7938BF32B6A999200830359 /* ReviewsView.swift */ = {isa = PBXFileReference; lastKnownFileType = sourcecode.swift; path = ReviewsView.swift; sourceTree = "<group>"; };
		E7938BF62B6A9C3F00830359 /* ReviewsViewCell.swift */ = {isa = PBXFileReference; lastKnownFileType = sourcecode.swift; path = ReviewsViewCell.swift; sourceTree = "<group>"; };
/* End PBXFileReference section */

/* Begin PBXFrameworksBuildPhase section */
		E7938BD92B6A388900830359 /* Frameworks */ = {
			isa = PBXFrameworksBuildPhase;
			buildActionMask = 2147483647;
			files = (
			);
			runOnlyForDeploymentPostprocessing = 0;
		};
/* End PBXFrameworksBuildPhase section */

/* Begin PBXGroup section */
		E706F5DD2B6AC6220096FB3D /* StepperViewGroup */ = {
			isa = PBXGroup;
			children = (
				E706F5DB2B6AC4080096FB3D /* StepperView.swift */,
				E706F5DE2B6AC6340096FB3D /* FractionView.swift */,
				E706F5E02B6ACDA50096FB3D /* TheQuantityOfTheProductView.swift */,
				E7938BE32B6A388B00830359 /* Assets.xcassets */,
			);
			path = StepperViewGroup;
			sourceTree = "<group>";
		};
		E75724882B6BA1620070F79F /* ProductAndDescriptionViewGoup */ = {
			isa = PBXGroup;
			children = (
				E7938BED2B6A42C400830359 /* ImageAndNameOfProductView.swift */,
				E7938BEF2B6A4FC500830359 /* CouponView.swift */,
				E7938BF12B6A838C00830359 /* DescriptionView.swift */,
			);
			path = ProductAndDescriptionViewGoup;
			sourceTree = "<group>";
		};
		E7938BD32B6A388900830359 = {
			isa = PBXGroup;
			children = (
				E7938BDE2B6A388900830359 /* MySpar */,
				E7938BDD2B6A388900830359 /* Products */,
			);
			sourceTree = "<group>";
		};
		E7938BDD2B6A388900830359 /* Products */ = {
			isa = PBXGroup;
			children = (
				E7938BDC2B6A388900830359 /* MySpar.app */,
			);
			name = Products;
			sourceTree = "<group>";
		};
		E7938BDE2B6A388900830359 /* MySpar */ = {
			isa = PBXGroup;
			children = (
				E7938BDF2B6A388900830359 /* MySparApp.swift */,
				E7938BE12B6A388900830359 /* ContentView.swift */,
				E75724882B6BA1620070F79F /* ProductAndDescriptionViewGoup */,
				E7938BF52B6A9C2E00830359 /* ReviewsViewGroup */,
				E706F5DD2B6AC6220096FB3D /* StepperViewGroup */,
				E7938BE52B6A388B00830359 /* Preview Content */,
			);
			path = MySpar;
			sourceTree = "<group>";
		};
		E7938BE52B6A388B00830359 /* Preview Content */ = {
			isa = PBXGroup;
			children = (
				E7938BE62B6A388B00830359 /* Preview Assets.xcassets */,
			);
			path = "Preview Content";
			sourceTree = "<group>";
		};
		E7938BF52B6A9C2E00830359 /* ReviewsViewGroup */ = {
			isa = PBXGroup;
			children = (
				E7938BF32B6A999200830359 /* ReviewsView.swift */,
				E7938BF62B6A9C3F00830359 /* ReviewsViewCell.swift */,
			);
			path = ReviewsViewGroup;
			sourceTree = "<group>";
		};
/* End PBXGroup section */

/* Begin PBXNativeTarget section */
		E7938BDB2B6A388900830359 /* MySpar */ = {
			isa = PBXNativeTarget;
			buildConfigurationList = E7938BEA2B6A388B00830359 /* Build configuration list for PBXNativeTarget "MySpar" */;
			buildPhases = (
				E7938BD82B6A388900830359 /* Sources */,
				E7938BD92B6A388900830359 /* Frameworks */,
				E7938BDA2B6A388900830359 /* Resources */,
			);
			buildRules = (
			);
			dependencies = (
			);
			name = MySpar;
			productName = MySpar;
			productReference = E7938BDC2B6A388900830359 /* MySpar.app */;
			productType = "com.apple.product-type.application";
		};
/* End PBXNativeTarget section */

/* Begin PBXProject section */
		E7938BD42B6A388900830359 /* Project object */ = {
			isa = PBXProject;
			attributes = {
				BuildIndependentTargetsInParallel = 1;
				LastSwiftUpdateCheck = 1420;
				LastUpgradeCheck = 1420;
				TargetAttributes = {
					E7938BDB2B6A388900830359 = {
						CreatedOnToolsVersion = 14.2;
					};
				};
			};
			buildConfigurationList = E7938BD72B6A388900830359 /* Build configuration list for PBXProject "MySpar" */;
			compatibilityVersion = "Xcode 14.0";
			developmentRegion = en;
			hasScannedForEncodings = 0;
			knownRegions = (
				en,
				Base,
			);
			mainGroup = E7938BD32B6A388900830359;
			productRefGroup = E7938BDD2B6A388900830359 /* Products */;
			projectDirPath = "";
			projectRoot = "";
			targets = (
				E7938BDB2B6A388900830359 /* MySpar */,
			);
		};
/* End PBXProject section */

/* Begin PBXResourcesBuildPhase section */
		E7938BDA2B6A388900830359 /* Resources */ = {
			isa = PBXResourcesBuildPhase;
			buildActionMask = 2147483647;
			files = (
				E7938BE72B6A388B00830359 /* Preview Assets.xcassets in Resources */,
				E7938BE42B6A388B00830359 /* Assets.xcassets in Resources */,
			);
			runOnlyForDeploymentPostprocessing = 0;
		};
/* End PBXResourcesBuildPhase section */

/* Begin PBXSourcesBuildPhase section */
		E7938BD82B6A388900830359 /* Sources */ = {
			isa = PBXSourcesBuildPhase;
			buildActionMask = 2147483647;
			files = (
				E7938BF42B6A999200830359 /* ReviewsView.swift in Sources */,
				E706F5DF2B6AC6340096FB3D /* FractionView.swift in Sources */,
				E7938BE22B6A388900830359 /* ContentView.swift in Sources */,
				E7938BEE2B6A42C400830359 /* ImageAndNameOfProductView.swift in Sources */,
				E7938BF72B6A9C3F00830359 /* ReviewsViewCell.swift in Sources */,
				E706F5DC2B6AC4080096FB3D /* StepperView.swift in Sources */,
				E706F5E12B6ACDA50096FB3D /* TheQuantityOfTheProductView.swift in Sources */,
				E7938BF02B6A4FC500830359 /* CouponView.swift in Sources */,
				E7938BE02B6A388900830359 /* MySparApp.swift in Sources */,
				E7938BF22B6A838C00830359 /* DescriptionView.swift in Sources */,
			);
			runOnlyForDeploymentPostprocessing = 0;
		};
/* End PBXSourcesBuildPhase section */

/* Begin XCBuildConfiguration section */
		E7938BE82B6A388B00830359 /* Debug */ = {
			isa = XCBuildConfiguration;
			buildSettings = {
				ALWAYS_SEARCH_USER_PATHS = NO;
				CLANG_ANALYZER_NONNULL = YES;
				CLANG_ANALYZER_NUMBER_OBJECT_CONVERSION = YES_AGGRESSIVE;
				CLANG_CXX_LANGUAGE_STANDARD = "gnu++20";
				CLANG_ENABLE_MODULES = YES;
				CLANG_ENABLE_OBJC_ARC = YES;
				CLANG_ENABLE_OBJC_WEAK = YES;
				CLANG_WARN_BLOCK_CAPTURE_AUTORELEASING = YES;
				CLANG_WARN_BOOL_CONVERSION = YES;
				CLANG_WARN_COMMA = YES;
				CLANG_WARN_CONSTANT_CONVERSION = YES;
				CLANG_WARN_DEPRECATED_OBJC_IMPLEMENTATIONS = YES;
				CLANG_WARN_DIRECT_OBJC_ISA_USAGE = YES_ERROR;
				CLANG_WARN_DOCUMENTATION_COMMENTS = YES;
				CLANG_WARN_EMPTY_BODY = YES;
				CLANG_WARN_ENUM_CONVERSION = YES;
				CLANG_WARN_INFINITE_RECURSION = YES;
				CLANG_WARN_INT_CONVERSION = YES;
				CLANG_WARN_NON_LITERAL_NULL_CONVERSION = YES;
				CLANG_WARN_OBJC_IMPLICIT_RETAIN_SELF = YES;
				CLANG_WARN_OBJC_LITERAL_CONVERSION = YES;
				CLANG_WARN_OBJC_ROOT_CLASS = YES_ERROR;
				CLANG_WARN_QUOTED_INCLUDE_IN_FRAMEWORK_HEADER = YES;
				CLANG_WARN_RANGE_LOOP_ANALYSIS = YES;
				CLANG_WARN_STRICT_PROTOTYPES = YES;
				CLANG_WARN_SUSPICIOUS_MOVE = YES;
				CLANG_WARN_UNGUARDED_AVAILABILITY = YES_AGGRESSIVE;
				CLANG_WARN_UNREACHABLE_CODE = YES;
				CLANG_WARN__DUPLICATE_METHOD_MATCH = YES;
				COPY_PHASE_STRIP = NO;
				DEBUG_INFORMATION_FORMAT = dwarf;
				ENABLE_STRICT_OBJC_MSGSEND = YES;
				ENABLE_TESTABILITY = YES;
				GCC_C_LANGUAGE_STANDARD = gnu11;
				GCC_DYNAMIC_NO_PIC = NO;
				GCC_NO_COMMON_BLOCKS = YES;
				GCC_OPTIMIZATION_LEVEL = 0;
				GCC_PREPROCESSOR_DEFINITIONS = (
					"DEBUG=1",
					"$(inherited)",
				);
				GCC_WARN_64_TO_32_BIT_CONVERSION = YES;
				GCC_WARN_ABOUT_RETURN_TYPE = YES_ERROR;
				GCC_WARN_UNDECLARED_SELECTOR = YES;
				GCC_WARN_UNINITIALIZED_AUTOS = YES_AGGRESSIVE;
				GCC_WARN_UNUSED_FUNCTION = YES;
				GCC_WARN_UNUSED_VARIABLE = YES;
				IPHONEOS_DEPLOYMENT_TARGET = 16.2;
				MTL_ENABLE_DEBUG_INFO = INCLUDE_SOURCE;
				MTL_FAST_MATH = YES;
				ONLY_ACTIVE_ARCH = YES;
				SDKROOT = iphoneos;
				SWIFT_ACTIVE_COMPILATION_CONDITIONS = DEBUG;
				SWIFT_OPTIMIZATION_LEVEL = "-Onone";
			};
			name = Debug;
		};
		E7938BE92B6A388B00830359 /* Release */ = {
			isa = XCBuildConfiguration;
			buildSettings = {
				ALWAYS_SEARCH_USER_PATHS = NO;
				CLANG_ANALYZER_NONNULL = YES;
				CLANG_ANALYZER_NUMBER_OBJECT_CONVERSION = YES_AGGRESSIVE;
				CLANG_CXX_LANGUAGE_STANDARD = "gnu++20";
				CLANG_ENABLE_MODULES = YES;
				CLANG_ENABLE_OBJC_ARC = YES;
				CLANG_ENABLE_OBJC_WEAK = YES;
				CLANG_WARN_BLOCK_CAPTURE_AUTORELEASING = YES;
				CLANG_WARN_BOOL_CONVERSION = YES;
				CLANG_WARN_COMMA = YES;
				CLANG_WARN_CONSTANT_CONVERSION = YES;
				CLANG_WARN_DEPRECATED_OBJC_IMPLEMENTATIONS = YES;
				CLANG_WARN_DIRECT_OBJC_ISA_USAGE = YES_ERROR;
				CLANG_WARN_DOCUMENTATION_COMMENTS = YES;
				CLANG_WARN_EMPTY_BODY = YES;
				CLANG_WARN_ENUM_CONVERSION = YES;
				CLANG_WARN_INFINITE_RECURSION = YES;
				CLANG_WARN_INT_CONVERSION = YES;
				CLANG_WARN_NON_LITERAL_NULL_CONVERSION = YES;
				CLANG_WARN_OBJC_IMPLICIT_RETAIN_SELF = YES;
				CLANG_WARN_OBJC_LITERAL_CONVERSION = YES;
				CLANG_WARN_OBJC_ROOT_CLASS = YES_ERROR;
				CLANG_WARN_QUOTED_INCLUDE_IN_FRAMEWORK_HEADER = YES;
				CLANG_WARN_RANGE_LOOP_ANALYSIS = YES;
				CLANG_WARN_STRICT_PROTOTYPES = YES;
				CLANG_WARN_SUSPICIOUS_MOVE = YES;
				CLANG_WARN_UNGUARDED_AVAILABILITY = YES_AGGRESSIVE;
				CLANG_WARN_UNREACHABLE_CODE = YES;
				CLANG_WARN__DUPLICATE_METHOD_MATCH = YES;
				COPY_PHASE_STRIP = NO;
				DEBUG_INFORMATION_FORMAT = "dwarf-with-dsym";
				ENABLE_NS_ASSERTIONS = NO;
				ENABLE_STRICT_OBJC_MSGSEND = YES;
				GCC_C_LANGUAGE_STANDARD = gnu11;
				GCC_NO_COMMON_BLOCKS = YES;
				GCC_WARN_64_TO_32_BIT_CONVERSION = YES;
				GCC_WARN_ABOUT_RETURN_TYPE = YES_ERROR;
				GCC_WARN_UNDECLARED_SELECTOR = YES;
				GCC_WARN_UNINITIALIZED_AUTOS = YES_AGGRESSIVE;
				GCC_WARN_UNUSED_FUNCTION = YES;
				GCC_WARN_UNUSED_VARIABLE = YES;
				IPHONEOS_DEPLOYMENT_TARGET = 16.2;
				MTL_ENABLE_DEBUG_INFO = NO;
				MTL_FAST_MATH = YES;
				SDKROOT = iphoneos;
				SWIFT_COMPILATION_MODE = wholemodule;
				SWIFT_OPTIMIZATION_LEVEL = "-O";
				VALIDATE_PRODUCT = YES;
			};
			name = Release;
		};
		E7938BEB2B6A388B00830359 /* Debug */ = {
			isa = XCBuildConfiguration;
			buildSettings = {
				ASSETCATALOG_COMPILER_APPICON_NAME = AppIcon;
				ASSETCATALOG_COMPILER_GLOBAL_ACCENT_COLOR_NAME = AccentColor;
				CODE_SIGN_STYLE = Automatic;
				CURRENT_PROJECT_VERSION = 1;
				DEVELOPMENT_ASSET_PATHS = "\"MySpar/Preview Content\"";
				ENABLE_PREVIEWS = YES;
				GENERATE_INFOPLIST_FILE = YES;
				INFOPLIST_KEY_UIApplicationSceneManifest_Generation = YES;
				INFOPLIST_KEY_UIApplicationSupportsIndirectInputEvents = YES;
				INFOPLIST_KEY_UILaunchScreen_Generation = YES;
				INFOPLIST_KEY_UISupportedInterfaceOrientations_iPad = "UIInterfaceOrientationPortrait UIInterfaceOrientationPortraitUpsideDown UIInterfaceOrientationLandscapeLeft UIInterfaceOrientationLandscapeRight";
				INFOPLIST_KEY_UISupportedInterfaceOrientations_iPhone = "UIInterfaceOrientationPortrait UIInterfaceOrientationLandscapeLeft UIInterfaceOrientationLandscapeRight";
				IPHONEOS_DEPLOYMENT_TARGET = 14.0;
				LD_RUNPATH_SEARCH_PATHS = (
					"$(inherited)",
					"@executable_path/Frameworks",
				);
				MARKETING_VERSION = 1.0;
				PRODUCT_BUNDLE_IDENTIFIER = "-2121.MySpar";
				PRODUCT_NAME = "$(TARGET_NAME)";
				SUPPORTED_PLATFORMS = "iphoneos iphonesimulator";
				SUPPORTS_MACCATALYST = NO;
				SUPPORTS_MAC_DESIGNED_FOR_IPHONE_IPAD = NO;
				SWIFT_EMIT_LOC_STRINGS = YES;
				SWIFT_VERSION = 5.0;
				TARGETED_DEVICE_FAMILY = 1;
			};
			name = Debug;
		};
		E7938BEC2B6A388B00830359 /* Release */ = {
			isa = XCBuildConfiguration;
			buildSettings = {
				ASSETCATALOG_COMPILER_APPICON_NAME = AppIcon;
				ASSETCATALOG_COMPILER_GLOBAL_ACCENT_COLOR_NAME = AccentColor;
				CODE_SIGN_STYLE = Automatic;
				CURRENT_PROJECT_VERSION = 1;
				DEVELOPMENT_ASSET_PATHS = "\"MySpar/Preview Content\"";
				ENABLE_PREVIEWS = YES;
				GENERATE_INFOPLIST_FILE = YES;
				INFOPLIST_KEY_UIApplicationSceneManifest_Generation = YES;
				INFOPLIST_KEY_UIApplicationSupportsIndirectInputEvents = YES;
				INFOPLIST_KEY_UILaunchScreen_Generation = YES;
				INFOPLIST_KEY_UISupportedInterfaceOrientations_iPad = "UIInterfaceOrientationPortrait UIInterfaceOrientationPortraitUpsideDown UIInterfaceOrientationLandscapeLeft UIInterfaceOrientationLandscapeRight";
				INFOPLIST_KEY_UISupportedInterfaceOrientations_iPhone = "UIInterfaceOrientationPortrait UIInterfaceOrientationLandscapeLeft UIInterfaceOrientationLandscapeRight";
				IPHONEOS_DEPLOYMENT_TARGET = 14.0;
				LD_RUNPATH_SEARCH_PATHS = (
					"$(inherited)",
					"@executable_path/Frameworks",
				);
				MARKETING_VERSION = 1.0;
				PRODUCT_BUNDLE_IDENTIFIER = "-2121.MySpar";
				PRODUCT_NAME = "$(TARGET_NAME)";
				SUPPORTED_PLATFORMS = "iphoneos iphonesimulator";
				SUPPORTS_MACCATALYST = NO;
				SUPPORTS_MAC_DESIGNED_FOR_IPHONE_IPAD = NO;
				SWIFT_EMIT_LOC_STRINGS = YES;
				SWIFT_VERSION = 5.0;
				TARGETED_DEVICE_FAMILY = 1;
			};
			name = Release;
		};
/* End XCBuildConfiguration section */

/* Begin XCConfigurationList section */
		E7938BD72B6A388900830359 /* Build configuration list for PBXProject "MySpar" */ = {
			isa = XCConfigurationList;
			buildConfigurations = (
				E7938BE82B6A388B00830359 /* Debug */,
				E7938BE92B6A388B00830359 /* Release */,
			);
			defaultConfigurationIsVisible = 0;
			defaultConfigurationName = Release;
		};
		E7938BEA2B6A388B00830359 /* Build configuration list for PBXNativeTarget "MySpar" */ = {
			isa = XCConfigurationList;
			buildConfigurations = (
				E7938BEB2B6A388B00830359 /* Debug */,
				E7938BEC2B6A388B00830359 /* Release */,
			);
			defaultConfigurationIsVisible = 0;
			defaultConfigurationName = Release;
		};
/* End XCConfigurationList section */
	};
	rootObject = E7938BD42B6A388900830359 /* Project object */;
}
